// !$*UTF8*$!
{
	archiveVersion = 1;
	classes = {
	};
	objectVersion = 46;
	objects = {

/* Begin PBXBuildFile section */
		C123332B18D6D43100894EED /* InfoPlist.strings in Resources */ = {isa = PBXBuildFile; fileRef = C123332918D6D43100894EED /* InfoPlist.strings */; };
		C123332D18D6D43100894EED /* main.m in Sources */ = {isa = PBXBuildFile; fileRef = C123332C18D6D43100894EED /* main.m */; };
		C123333118D6D43100894EED /* AppDelegate.m in Sources */ = {isa = PBXBuildFile; fileRef = C123333018D6D43100894EED /* AppDelegate.m */; };
		C123333318D6D43100894EED /* Images.xcassets in Resources */ = {isa = PBXBuildFile; fileRef = C123333218D6D43100894EED /* Images.xcassets */; };
		C123335218D6D4E900894EED /* MainViewController.m in Sources */ = {isa = PBXBuildFile; fileRef = C123335018D6D4E900894EED /* MainViewController.m */; };
		C123335618D6D87B00894EED /* UIImage+Additions.m in Sources */ = {isa = PBXBuildFile; fileRef = C123335518D6D87B00894EED /* UIImage+Additions.m */; };
		D90CFD841D4DB69600F81659 /* ZoomSDK.framework in Embed Frameworks */ = {isa = PBXBuildFile; fileRef = D90CFD831D4DB69600F81659 /* ZoomSDK.framework */; settings = {ATTRIBUTES = (CodeSignOnCopy, RemoveHeadersOnCopy, ); }; };
		D90CFD851D4DB69E00F81659 /* ZoomSDK.framework in Frameworks */ = {isa = PBXBuildFile; fileRef = D90CFD831D4DB69600F81659 /* ZoomSDK.framework */; };
		D960A76F1D6FDD6D001BF94E /* icon_meeting_share.png in Resources */ = {isa = PBXBuildFile; fileRef = D960A7691D6FDD6D001BF94E /* icon_meeting_share.png */; };
		D960A7701D6FDD6D001BF94E /* icon_meeting_share@2x.png in Resources */ = {isa = PBXBuildFile; fileRef = D960A76A1D6FDD6D001BF94E /* icon_meeting_share@2x.png */; };
		D960A7711D6FDD6D001BF94E /* icon_meeting_share@3x.png in Resources */ = {isa = PBXBuildFile; fileRef = D960A76B1D6FDD6D001BF94E /* icon_meeting_share@3x.png */; };
		D960A7721D6FDD6D001BF94E /* icon_meeting_stopshare.png in Resources */ = {isa = PBXBuildFile; fileRef = D960A76C1D6FDD6D001BF94E /* icon_meeting_stopshare.png */; };
		D960A7731D6FDD6D001BF94E /* icon_meeting_stopshare@2x.png in Resources */ = {isa = PBXBuildFile; fileRef = D960A76D1D6FDD6D001BF94E /* icon_meeting_stopshare@2x.png */; };
		D960A7741D6FDD6D001BF94E /* icon_meeting_stopshare@3x.png in Resources */ = {isa = PBXBuildFile; fileRef = D960A76E1D6FDD6D001BF94E /* icon_meeting_stopshare@3x.png */; };
		D996D23F1C99473F00C284F0 /* Localizable.strings in Resources */ = {isa = PBXBuildFile; fileRef = D996D23D1C99473F00C284F0 /* Localizable.strings */; };
		D996D2481C99478B00C284F0 /* InviteViewController.m in Sources */ = {isa = PBXBuildFile; fileRef = D996D2441C99478B00C284F0 /* InviteViewController.m */; };
		D996D2491C99478B00C284F0 /* LaunchScreen.xib in Resources */ = {isa = PBXBuildFile; fileRef = D996D2451C99478B00C284F0 /* LaunchScreen.xib */; };
		D996D24A1C99478B00C284F0 /* SettingsViewController.m in Sources */ = {isa = PBXBuildFile; fileRef = D996D2471C99478B00C284F0 /* SettingsViewController.m */; };
		D9FCEC191CEEB9CB0071F330 /* IntroViewController.m in Sources */ = {isa = PBXBuildFile; fileRef = D9FCEC141CEEB9CB0071F330 /* IntroViewController.m */; };
		D9FCEC1A1CEEB9CB0071F330 /* MBProgressHUD.m in Sources */ = {isa = PBXBuildFile; fileRef = D9FCEC161CEEB9CB0071F330 /* MBProgressHUD.m */; };
		D9FCEC1B1CEEB9CB0071F330 /* SplashViewController.m in Sources */ = {isa = PBXBuildFile; fileRef = D9FCEC181CEEB9CB0071F330 /* SplashViewController.m */; };
		D9FCEC291CEEB9F70071F330 /* icon_meet.png in Resources */ = {isa = PBXBuildFile; fileRef = D9FCEC1C1CEEB9F70071F330 /* icon_meet.png */; };
		D9FCEC2A1CEEB9F70071F330 /* icon_meet@2x.png in Resources */ = {isa = PBXBuildFile; fileRef = D9FCEC1D1CEEB9F70071F330 /* icon_meet@2x.png */; };
		D9FCEC2B1CEEB9F70071F330 /* icon_pause@2x.png in Resources */ = {isa = PBXBuildFile; fileRef = D9FCEC1E1CEEB9F70071F330 /* icon_pause@2x.png */; };
		D9FCEC2C1CEEB9F70071F330 /* icon_resume@2x.png in Resources */ = {isa = PBXBuildFile; fileRef = D9FCEC1F1CEEB9F70071F330 /* icon_resume@2x.png */; };
		D9FCEC2D1CEEB9F70071F330 /* icon_setting.png in Resources */ = {isa = PBXBuildFile; fileRef = D9FCEC201CEEB9F70071F330 /* icon_setting.png */; };
		D9FCEC2E1CEEB9F70071F330 /* icon_setting@2x.png in Resources */ = {isa = PBXBuildFile; fileRef = D9FCEC211CEEB9F70071F330 /* icon_setting@2x.png */; };
		D9FCEC301CEEB9F70071F330 /* icon_share_app@2x.png in Resources */ = {isa = PBXBuildFile; fileRef = D9FCEC231CEEB9F70071F330 /* icon_share_app@2x.png */; };
		D9FCEC321CEEB9F70071F330 /* zoom_intro1.png in Resources */ = {isa = PBXBuildFile; fileRef = D9FCEC251CEEB9F70071F330 /* zoom_intro1.png */; };
		D9FCEC331CEEB9F70071F330 /* zoom_intro2.png in Resources */ = {isa = PBXBuildFile; fileRef = D9FCEC261CEEB9F70071F330 /* zoom_intro2.png */; };
		D9FCEC341CEEB9F70071F330 /* zoom_intro3.png in Resources */ = {isa = PBXBuildFile; fileRef = D9FCEC271CEEB9F70071F330 /* zoom_intro3.png */; };
		D9FCEC351CEEB9F70071F330 /* zoom_intro4.png in Resources */ = {isa = PBXBuildFile; fileRef = D9FCEC281CEEB9F70071F330 /* zoom_intro4.png */; };
		F75FDB761D6C370B004DC2FA /* LanguaguePickerViewController.m in Sources */ = {isa = PBXBuildFile; fileRef = F75FDB751D6C370B004DC2FA /* LanguaguePickerViewController.m */; };
/* End PBXBuildFile section */

/* Begin PBXContainerItemProxy section */
		C18F97B4191B773B00559FED /* PBXContainerItemProxy */ = {
			isa = PBXContainerItemProxy;
			containerPortal = C18F9775191B773700559FED /* ZoomSDK.xcodeproj */;
			proxyType = 2;
			remoteGlobalIDString = C12332F718D6D10A00894EED;
			remoteInfo = ZoomSDK;
		};
		C18F97B6191B773B00559FED /* PBXContainerItemProxy */ = {
			isa = PBXContainerItemProxy;
			containerPortal = C18F9775191B773700559FED /* ZoomSDK.xcodeproj */;
			proxyType = 2;
			remoteGlobalIDString = C123330818D6D22700894EED;
			remoteInfo = ZoomSDKResources;
		};
		D96B284A1CE4156C000DEDB3 /* PBXContainerItemProxy */ = {
			isa = PBXContainerItemProxy;
			containerPortal = C18F9775191B773700559FED /* ZoomSDK.xcodeproj */;
			proxyType = 1;
			remoteGlobalIDString = D96B28391CE413B4000DEDB3;
			remoteInfo = ZoomSDK;
		};
/* End PBXContainerItemProxy section */

/* Begin PBXCopyFilesBuildPhase section */
		D96B2C971CE441A6000DEDB3 /* Embed Frameworks */ = {
			isa = PBXCopyFilesBuildPhase;
			buildActionMask = 2147483647;
			dstPath = "";
			dstSubfolderSpec = 10;
			files = (
				D90CFD841D4DB69600F81659 /* ZoomSDK.framework in Embed Frameworks */,
			);
			name = "Embed Frameworks";
			runOnlyForDeploymentPostprocessing = 0;
		};
/* End PBXCopyFilesBuildPhase section */

/* Begin PBXFileReference section */
		C123331D18D6D43100894EED /* ZoomSDKSample.app */ = {isa = PBXFileReference; explicitFileType = wrapper.application; includeInIndex = 0; path = ZoomSDKSample.app; sourceTree = BUILT_PRODUCTS_DIR; };
		C123332818D6D43100894EED /* ZoomSDKSample-Info.plist */ = {isa = PBXFileReference; lastKnownFileType = text.plist.xml; path = "ZoomSDKSample-Info.plist"; sourceTree = "<group>"; };
		C123332A18D6D43100894EED /* en */ = {isa = PBXFileReference; lastKnownFileType = text.plist.strings; name = en; path = en.lproj/InfoPlist.strings; sourceTree = "<group>"; };
		C123332C18D6D43100894EED /* main.m */ = {isa = PBXFileReference; lastKnownFileType = sourcecode.c.objc; path = main.m; sourceTree = "<group>"; };
		C123332E18D6D43100894EED /* ZoomSDKSample-Prefix.pch */ = {isa = PBXFileReference; lastKnownFileType = sourcecode.c.h; path = "ZoomSDKSample-Prefix.pch"; sourceTree = "<group>"; };
		C123332F18D6D43100894EED /* AppDelegate.h */ = {isa = PBXFileReference; lastKnownFileType = sourcecode.c.h; path = AppDelegate.h; sourceTree = "<group>"; };
		C123333018D6D43100894EED /* AppDelegate.m */ = {isa = PBXFileReference; lastKnownFileType = sourcecode.c.objc; path = AppDelegate.m; sourceTree = "<group>"; };
		C123333218D6D43100894EED /* Images.xcassets */ = {isa = PBXFileReference; lastKnownFileType = folder.assetcatalog; path = Images.xcassets; sourceTree = "<group>"; };
		C123334F18D6D4E900894EED /* MainViewController.h */ = {isa = PBXFileReference; fileEncoding = 4; lastKnownFileType = sourcecode.c.h; path = MainViewController.h; sourceTree = "<group>"; };
		C123335018D6D4E900894EED /* MainViewController.m */ = {isa = PBXFileReference; fileEncoding = 4; lastKnownFileType = sourcecode.c.objc; path = MainViewController.m; sourceTree = "<group>"; };
		C123335418D6D87B00894EED /* UIImage+Additions.h */ = {isa = PBXFileReference; fileEncoding = 4; lastKnownFileType = sourcecode.c.h; path = "UIImage+Additions.h"; sourceTree = "<group>"; };
		C123335518D6D87B00894EED /* UIImage+Additions.m */ = {isa = PBXFileReference; fileEncoding = 4; lastKnownFileType = sourcecode.c.objc; path = "UIImage+Additions.m"; sourceTree = "<group>"; };
		C18F9775191B773700559FED /* ZoomSDK.xcodeproj */ = {isa = PBXFileReference; lastKnownFileType = "wrapper.pb-project"; name = ZoomSDK.xcodeproj; path = ../ZoomSDK/ZoomSDK.xcodeproj; sourceTree = "<group>"; };
		C1D8947B19AF2DF800C7D61D /* zh-Hans */ = {isa = PBXFileReference; lastKnownFileType = text.plist.strings; name = "zh-Hans"; path = "zh-Hans.lproj/InfoPlist.strings"; sourceTree = "<group>"; };
		D90CFD831D4DB69600F81659 /* ZoomSDK.framework */ = {isa = PBXFileReference; lastKnownFileType = wrapper.framework; name = ZoomSDK.framework; path = ../lib/ZoomSDK.framework; sourceTree = "<group>"; };
		D960A7691D6FDD6D001BF94E /* icon_meeting_share.png */ = {isa = PBXFileReference; lastKnownFileType = image.png; path = icon_meeting_share.png; sourceTree = "<group>"; };
		D960A76A1D6FDD6D001BF94E /* icon_meeting_share@2x.png */ = {isa = PBXFileReference; lastKnownFileType = image.png; path = "icon_meeting_share@2x.png"; sourceTree = "<group>"; };
		D960A76B1D6FDD6D001BF94E /* icon_meeting_share@3x.png */ = {isa = PBXFileReference; lastKnownFileType = image.png; path = "icon_meeting_share@3x.png"; sourceTree = "<group>"; };
		D960A76C1D6FDD6D001BF94E /* icon_meeting_stopshare.png */ = {isa = PBXFileReference; lastKnownFileType = image.png; path = icon_meeting_stopshare.png; sourceTree = "<group>"; };
		D960A76D1D6FDD6D001BF94E /* icon_meeting_stopshare@2x.png */ = {isa = PBXFileReference; lastKnownFileType = image.png; path = "icon_meeting_stopshare@2x.png"; sourceTree = "<group>"; };
		D960A76E1D6FDD6D001BF94E /* icon_meeting_stopshare@3x.png */ = {isa = PBXFileReference; lastKnownFileType = image.png; path = "icon_meeting_stopshare@3x.png"; sourceTree = "<group>"; };
		D996D23E1C99473F00C284F0 /* en */ = {isa = PBXFileReference; lastKnownFileType = text.plist.strings; name = en; path = en.lproj/Localizable.strings; sourceTree = "<group>"; };
		D996D2401C99474500C284F0 /* zh-Hans */ = {isa = PBXFileReference; lastKnownFileType = text.plist.strings; name = "zh-Hans"; path = "zh-Hans.lproj/Localizable.strings"; sourceTree = "<group>"; };
		D996D2431C99478B00C284F0 /* InviteViewController.h */ = {isa = PBXFileReference; fileEncoding = 4; lastKnownFileType = sourcecode.c.h; path = InviteViewController.h; sourceTree = "<group>"; };
		D996D2441C99478B00C284F0 /* InviteViewController.m */ = {isa = PBXFileReference; fileEncoding = 4; lastKnownFileType = sourcecode.c.objc; path = InviteViewController.m; sourceTree = "<group>"; };
		D996D2451C99478B00C284F0 /* LaunchScreen.xib */ = {isa = PBXFileReference; fileEncoding = 4; lastKnownFileType = file.xib; path = LaunchScreen.xib; sourceTree = "<group>"; };
		D996D2461C99478B00C284F0 /* SettingsViewController.h */ = {isa = PBXFileReference; fileEncoding = 4; lastKnownFileType = sourcecode.c.h; path = SettingsViewController.h; sourceTree = "<group>"; };
		D996D2471C99478B00C284F0 /* SettingsViewController.m */ = {isa = PBXFileReference; fileEncoding = 4; lastKnownFileType = sourcecode.c.objc; path = SettingsViewController.m; sourceTree = "<group>"; };
		D9FCEC131CEEB9CB0071F330 /* IntroViewController.h */ = {isa = PBXFileReference; fileEncoding = 4; lastKnownFileType = sourcecode.c.h; path = IntroViewController.h; sourceTree = "<group>"; };
		D9FCEC141CEEB9CB0071F330 /* IntroViewController.m */ = {isa = PBXFileReference; fileEncoding = 4; lastKnownFileType = sourcecode.c.objc; path = IntroViewController.m; sourceTree = "<group>"; };
		D9FCEC151CEEB9CB0071F330 /* MBProgressHUD.h */ = {isa = PBXFileReference; fileEncoding = 4; lastKnownFileType = sourcecode.c.h; path = MBProgressHUD.h; sourceTree = "<group>"; };
		D9FCEC161CEEB9CB0071F330 /* MBProgressHUD.m */ = {isa = PBXFileReference; fileEncoding = 4; lastKnownFileType = sourcecode.c.objc; path = MBProgressHUD.m; sourceTree = "<group>"; };
		D9FCEC171CEEB9CB0071F330 /* SplashViewController.h */ = {isa = PBXFileReference; fileEncoding = 4; lastKnownFileType = sourcecode.c.h; path = SplashViewController.h; sourceTree = "<group>"; };
		D9FCEC181CEEB9CB0071F330 /* SplashViewController.m */ = {isa = PBXFileReference; fileEncoding = 4; lastKnownFileType = sourcecode.c.objc; path = SplashViewController.m; sourceTree = "<group>"; };
		D9FCEC1C1CEEB9F70071F330 /* icon_meet.png */ = {isa = PBXFileReference; lastKnownFileType = image.png; path = icon_meet.png; sourceTree = "<group>"; };
		D9FCEC1D1CEEB9F70071F330 /* icon_meet@2x.png */ = {isa = PBXFileReference; lastKnownFileType = image.png; path = "icon_meet@2x.png"; sourceTree = "<group>"; };
		D9FCEC1E1CEEB9F70071F330 /* icon_pause@2x.png */ = {isa = PBXFileReference; lastKnownFileType = image.png; path = "icon_pause@2x.png"; sourceTree = "<group>"; };
		D9FCEC1F1CEEB9F70071F330 /* icon_resume@2x.png */ = {isa = PBXFileReference; lastKnownFileType = image.png; path = "icon_resume@2x.png"; sourceTree = "<group>"; };
		D9FCEC201CEEB9F70071F330 /* icon_setting.png */ = {isa = PBXFileReference; lastKnownFileType = image.png; path = icon_setting.png; sourceTree = "<group>"; };
		D9FCEC211CEEB9F70071F330 /* icon_setting@2x.png */ = {isa = PBXFileReference; lastKnownFileType = image.png; path = "icon_setting@2x.png"; sourceTree = "<group>"; };
		D9FCEC231CEEB9F70071F330 /* icon_share_app@2x.png */ = {isa = PBXFileReference; lastKnownFileType = image.png; path = "icon_share_app@2x.png"; sourceTree = "<group>"; };
		D9FCEC251CEEB9F70071F330 /* zoom_intro1.png */ = {isa = PBXFileReference; lastKnownFileType = image.png; path = zoom_intro1.png; sourceTree = "<group>"; };
		D9FCEC261CEEB9F70071F330 /* zoom_intro2.png */ = {isa = PBXFileReference; lastKnownFileType = image.png; path = zoom_intro2.png; sourceTree = "<group>"; };
		D9FCEC271CEEB9F70071F330 /* zoom_intro3.png */ = {isa = PBXFileReference; lastKnownFileType = image.png; path = zoom_intro3.png; sourceTree = "<group>"; };
		D9FCEC281CEEB9F70071F330 /* zoom_intro4.png */ = {isa = PBXFileReference; lastKnownFileType = image.png; path = zoom_intro4.png; sourceTree = "<group>"; };
		F75FDB741D6C370B004DC2FA /* LanguaguePickerViewController.h */ = {isa = PBXFileReference; fileEncoding = 4; lastKnownFileType = sourcecode.c.h; path = LanguaguePickerViewController.h; sourceTree = "<group>"; };
		F75FDB751D6C370B004DC2FA /* LanguaguePickerViewController.m */ = {isa = PBXFileReference; fileEncoding = 4; lastKnownFileType = sourcecode.c.objc; path = LanguaguePickerViewController.m; sourceTree = "<group>"; };
/* End PBXFileReference section */

/* Begin PBXFrameworksBuildPhase section */
		C123331A18D6D43100894EED /* Frameworks */ = {
			isa = PBXFrameworksBuildPhase;
			buildActionMask = 2147483647;
			files = (
				D90CFD851D4DB69E00F81659 /* ZoomSDK.framework in Frameworks */,
			);
			runOnlyForDeploymentPostprocessing = 0;
		};
/* End PBXFrameworksBuildPhase section */

/* Begin PBXGroup section */
		C123331418D6D43100894EED = {
			isa = PBXGroup;
			children = (
				C18F9775191B773700559FED /* ZoomSDK.xcodeproj */,
				C123332618D6D43100894EED /* ZoomSDKSample */,
				C123331F18D6D43100894EED /* Frameworks */,
				C123331E18D6D43100894EED /* Products */,
			);
			sourceTree = "<group>";
		};
		C123331E18D6D43100894EED /* Products */ = {
			isa = PBXGroup;
			children = (
				C123331D18D6D43100894EED /* ZoomSDKSample.app */,
			);
			name = Products;
			sourceTree = "<group>";
		};
		C123331F18D6D43100894EED /* Frameworks */ = {
			isa = PBXGroup;
			children = (
				D90CFD831D4DB69600F81659 /* ZoomSDK.framework */,
			);
			name = Frameworks;
			sourceTree = "<group>";
		};
		C123332618D6D43100894EED /* ZoomSDKSample */ = {
			isa = PBXGroup;
			children = (
				C123332F18D6D43100894EED /* AppDelegate.h */,
				C123333018D6D43100894EED /* AppDelegate.m */,
				D9FCEC131CEEB9CB0071F330 /* IntroViewController.h */,
				D9FCEC141CEEB9CB0071F330 /* IntroViewController.m */,
				D996D2431C99478B00C284F0 /* InviteViewController.h */,
				D996D2441C99478B00C284F0 /* InviteViewController.m */,
				F75FDB741D6C370B004DC2FA /* LanguaguePickerViewController.h */,
				F75FDB751D6C370B004DC2FA /* LanguaguePickerViewController.m */,
				D996D2451C99478B00C284F0 /* LaunchScreen.xib */,
				C123334F18D6D4E900894EED /* MainViewController.h */,
				C123335018D6D4E900894EED /* MainViewController.m */,
				D9FCEC151CEEB9CB0071F330 /* MBProgressHUD.h */,
				D9FCEC161CEEB9CB0071F330 /* MBProgressHUD.m */,
				D996D2461C99478B00C284F0 /* SettingsViewController.h */,
				D996D2471C99478B00C284F0 /* SettingsViewController.m */,
				D9FCEC171CEEB9CB0071F330 /* SplashViewController.h */,
				D9FCEC181CEEB9CB0071F330 /* SplashViewController.m */,
				C123332718D6D43100894EED /* Supporting Files */,
				C123335418D6D87B00894EED /* UIImage+Additions.h */,
				C123335518D6D87B00894EED /* UIImage+Additions.m */,
			);
			path = ZoomSDKSample;
			sourceTree = "<group>";
		};
		C123332718D6D43100894EED /* Supporting Files */ = {
			isa = PBXGroup;
			children = (
				C123333218D6D43100894EED /* Images.xcassets */,
				C15B16161991BDF600F25C33 /* images */,
				C123332918D6D43100894EED /* InfoPlist.strings */,
				D996D23D1C99473F00C284F0 /* Localizable.strings */,
				C123332C18D6D43100894EED /* main.m */,
				C123332818D6D43100894EED /* ZoomSDKSample-Info.plist */,
				C123332E18D6D43100894EED /* ZoomSDKSample-Prefix.pch */,
			);
			name = "Supporting Files";
			sourceTree = "<group>";
		};
		C15B16161991BDF600F25C33 /* images */ = {
			isa = PBXGroup;
			children = (
				D9FCEC1C1CEEB9F70071F330 /* icon_meet.png */,
				D9FCEC1D1CEEB9F70071F330 /* icon_meet@2x.png */,
				D960A7691D6FDD6D001BF94E /* icon_meeting_share.png */,
				D960A76A1D6FDD6D001BF94E /* icon_meeting_share@2x.png */,
				D960A76B1D6FDD6D001BF94E /* icon_meeting_share@3x.png */,
				D960A76C1D6FDD6D001BF94E /* icon_meeting_stopshare.png */,
				D960A76D1D6FDD6D001BF94E /* icon_meeting_stopshare@2x.png */,
				D960A76E1D6FDD6D001BF94E /* icon_meeting_stopshare@3x.png */,
				D9FCEC1E1CEEB9F70071F330 /* icon_pause@2x.png */,
				D9FCEC1F1CEEB9F70071F330 /* icon_resume@2x.png */,
				D9FCEC201CEEB9F70071F330 /* icon_setting.png */,
				D9FCEC211CEEB9F70071F330 /* icon_setting@2x.png */,
				D9FCEC231CEEB9F70071F330 /* icon_share_app@2x.png */,
				D9FCEC251CEEB9F70071F330 /* zoom_intro1.png */,
				D9FCEC261CEEB9F70071F330 /* zoom_intro2.png */,
				D9FCEC271CEEB9F70071F330 /* zoom_intro3.png */,
				D9FCEC281CEEB9F70071F330 /* zoom_intro4.png */,
			);
			path = images;
			sourceTree = "<group>";
		};
		C18F9776191B773700559FED /* Products */ = {
			isa = PBXGroup;
			children = (
				C18F97B7191B773B00559FED /* ZoomSDKResources.bundle */,
				C18F97B5191B773B00559FED /* ZoomSDK.framework */,
			);
			name = Products;
			sourceTree = "<group>";
		};
/* End PBXGroup section */

/* Begin PBXNativeTarget section */
		C123331C18D6D43100894EED /* ZoomSDKSample */ = {
			isa = PBXNativeTarget;
			buildConfigurationList = C123334918D6D43100894EED /* Build configuration list for PBXNativeTarget "ZoomSDKSample" */;
			buildPhases = (
				C123331918D6D43100894EED /* Sources */,
				C123331A18D6D43100894EED /* Frameworks */,
				C123331B18D6D43100894EED /* Resources */,
				D96B2C971CE441A6000DEDB3 /* Embed Frameworks */,
			);
			buildRules = (
			);
			dependencies = (
				D96B284B1CE4156C000DEDB3 /* PBXTargetDependency */,
			);
			name = ZoomSDKSample;
			productName = ZoomSDKSample;
			productReference = C123331D18D6D43100894EED /* ZoomSDKSample.app */;
			productType = "com.apple.product-type.application";
		};
/* End PBXNativeTarget section */

/* Begin PBXProject section */
		C123331518D6D43100894EED /* Project object */ = {
			isa = PBXProject;
			attributes = {
				LastUpgradeCheck = 0500;
				ORGANIZATIONNAME = "Zoom Video Communications, Inc.";
				TargetAttributes = {
					C123331C18D6D43100894EED = {
						SystemCapabilities = {
							com.apple.BackgroundModes = {
								enabled = 1;
							};
						};
					};
				};
			};
			buildConfigurationList = C123331818D6D43100894EED /* Build configuration list for PBXProject "ZoomSDKSample" */;
			compatibilityVersion = "Xcode 3.2";
			developmentRegion = English;
			hasScannedForEncodings = 0;
			knownRegions = (
				en,
				"zh-Hans",
			);
			mainGroup = C123331418D6D43100894EED;
			productRefGroup = C123331E18D6D43100894EED /* Products */;
			projectDirPath = "";
			projectReferences = (
				{
					ProductGroup = C18F9776191B773700559FED /* Products */;
					ProjectRef = C18F9775191B773700559FED /* ZoomSDK.xcodeproj */;
				},
			);
			projectRoot = "";
			targets = (
				C123331C18D6D43100894EED /* ZoomSDKSample */,
			);
		};
/* End PBXProject section */

/* Begin PBXReferenceProxy section */
		C18F97B5191B773B00559FED /* ZoomSDK.framework */ = {
			isa = PBXReferenceProxy;
			fileType = wrapper.framework;
			path = ZoomSDK.framework;
			remoteRef = C18F97B4191B773B00559FED /* PBXContainerItemProxy */;
			sourceTree = BUILT_PRODUCTS_DIR;
		};
		C18F97B7191B773B00559FED /* ZoomSDKResources.bundle */ = {
			isa = PBXReferenceProxy;
			fileType = wrapper.cfbundle;
			path = ZoomSDKResources.bundle;
			remoteRef = C18F97B6191B773B00559FED /* PBXContainerItemProxy */;
			sourceTree = BUILT_PRODUCTS_DIR;
		};
/* End PBXReferenceProxy section */

/* Begin PBXResourcesBuildPhase section */
		C123331B18D6D43100894EED /* Resources */ = {
			isa = PBXResourcesBuildPhase;
			buildActionMask = 2147483647;
			files = (
				D960A7741D6FDD6D001BF94E /* icon_meeting_stopshare@3x.png in Resources */,
				D9FCEC2A1CEEB9F70071F330 /* icon_meet@2x.png in Resources */,
				D9FCEC2C1CEEB9F70071F330 /* icon_resume@2x.png in Resources */,
				C123332B18D6D43100894EED /* InfoPlist.strings in Resources */,
				D960A7721D6FDD6D001BF94E /* icon_meeting_stopshare.png in Resources */,
				D9FCEC301CEEB9F70071F330 /* icon_share_app@2x.png in Resources */,
				D9FCEC341CEEB9F70071F330 /* zoom_intro3.png in Resources */,
				D9FCEC331CEEB9F70071F330 /* zoom_intro2.png in Resources */,
				D996D23F1C99473F00C284F0 /* Localizable.strings in Resources */,
				D960A7701D6FDD6D001BF94E /* icon_meeting_share@2x.png in Resources */,
				D960A7711D6FDD6D001BF94E /* icon_meeting_share@3x.png in Resources */,
				D996D2491C99478B00C284F0 /* LaunchScreen.xib in Resources */,
				D9FCEC2B1CEEB9F70071F330 /* icon_pause@2x.png in Resources */,
				D9FCEC291CEEB9F70071F330 /* icon_meet.png in Resources */,
				D9FCEC321CEEB9F70071F330 /* zoom_intro1.png in Resources */,
				D9FCEC351CEEB9F70071F330 /* zoom_intro4.png in Resources */,
				D960A7731D6FDD6D001BF94E /* icon_meeting_stopshare@2x.png in Resources */,
				D960A76F1D6FDD6D001BF94E /* icon_meeting_share.png in Resources */,
				C123333318D6D43100894EED /* Images.xcassets in Resources */,
				D9FCEC2D1CEEB9F70071F330 /* icon_setting.png in Resources */,
				D9FCEC2E1CEEB9F70071F330 /* icon_setting@2x.png in Resources */,
			);
			runOnlyForDeploymentPostprocessing = 0;
		};
/* End PBXResourcesBuildPhase section */

/* Begin PBXSourcesBuildPhase section */
		C123331918D6D43100894EED /* Sources */ = {
			isa = PBXSourcesBuildPhase;
			buildActionMask = 2147483647;
			files = (
				D996D2481C99478B00C284F0 /* InviteViewController.m in Sources */,
				C123333118D6D43100894EED /* AppDelegate.m in Sources */,
				F75FDB761D6C370B004DC2FA /* LanguaguePickerViewController.m in Sources */,
				D9FCEC191CEEB9CB0071F330 /* IntroViewController.m in Sources */,
				D9FCEC1A1CEEB9CB0071F330 /* MBProgressHUD.m in Sources */,
				D9FCEC1B1CEEB9CB0071F330 /* SplashViewController.m in Sources */,
				C123335618D6D87B00894EED /* UIImage+Additions.m in Sources */,
				C123335218D6D4E900894EED /* MainViewController.m in Sources */,
				C123332D18D6D43100894EED /* main.m in Sources */,
				D996D24A1C99478B00C284F0 /* SettingsViewController.m in Sources */,
			);
			runOnlyForDeploymentPostprocessing = 0;
		};
/* End PBXSourcesBuildPhase section */

/* Begin PBXTargetDependency section */
		D96B284B1CE4156C000DEDB3 /* PBXTargetDependency */ = {
			isa = PBXTargetDependency;
			name = ZoomSDK;
			targetProxy = D96B284A1CE4156C000DEDB3 /* PBXContainerItemProxy */;
		};
/* End PBXTargetDependency section */

/* Begin PBXVariantGroup section */
		C123332918D6D43100894EED /* InfoPlist.strings */ = {
			isa = PBXVariantGroup;
			children = (
				C123332A18D6D43100894EED /* en */,
				C1D8947B19AF2DF800C7D61D /* zh-Hans */,
			);
			name = InfoPlist.strings;
			sourceTree = "<group>";
		};
		D996D23D1C99473F00C284F0 /* Localizable.strings */ = {
			isa = PBXVariantGroup;
			children = (
				D996D23E1C99473F00C284F0 /* en */,
				D996D2401C99474500C284F0 /* zh-Hans */,
			);
			name = Localizable.strings;
			sourceTree = "<group>";
		};
/* End PBXVariantGroup section */

/* Begin XCBuildConfiguration section */
		C123334718D6D43100894EED /* Debug */ = {
			isa = XCBuildConfiguration;
			buildSettings = {
				ALWAYS_SEARCH_USER_PATHS = NO;
				ARCHS = "$(ARCHS_STANDARD)";
				CLANG_CXX_LANGUAGE_STANDARD = "gnu++0x";
				CLANG_CXX_LIBRARY = "libc++";
				CLANG_ENABLE_MODULES = YES;
				CLANG_ENABLE_OBJC_ARC = YES;
				CLANG_WARN_BOOL_CONVERSION = YES;
				CLANG_WARN_CONSTANT_CONVERSION = YES;
				CLANG_WARN_DIRECT_OBJC_ISA_USAGE = YES_ERROR;
				CLANG_WARN_EMPTY_BODY = YES;
				CLANG_WARN_ENUM_CONVERSION = YES;
				CLANG_WARN_INT_CONVERSION = YES;
				CLANG_WARN_OBJC_ROOT_CLASS = YES_ERROR;
				CLANG_WARN__DUPLICATE_METHOD_MATCH = YES;
				"CODE_SIGN_IDENTITY[sdk=iphoneos*]" = "iPhone Developer";
				COPY_PHASE_STRIP = NO;
				GCC_C_LANGUAGE_STANDARD = gnu99;
				GCC_DYNAMIC_NO_PIC = NO;
				GCC_OPTIMIZATION_LEVEL = 0;
				GCC_PREPROCESSOR_DEFINITIONS = (
					"DEBUG=1",
					"$(inherited)",
				);
				GCC_SYMBOLS_PRIVATE_EXTERN = NO;
				GCC_WARN_64_TO_32_BIT_CONVERSION = YES;
				GCC_WARN_ABOUT_RETURN_TYPE = YES_ERROR;
				GCC_WARN_UNDECLARED_SELECTOR = YES;
				GCC_WARN_UNINITIALIZED_AUTOS = YES;
				GCC_WARN_UNUSED_FUNCTION = YES;
				GCC_WARN_UNUSED_VARIABLE = YES;
				IPHONEOS_DEPLOYMENT_TARGET = 6.0;
				ONLY_ACTIVE_ARCH = YES;
				SDKROOT = iphoneos;
				TARGETED_DEVICE_FAMILY = "1,2";
			};
			name = Debug;
		};
		C123334818D6D43100894EED /* Release */ = {
			isa = XCBuildConfiguration;
			buildSettings = {
				ALWAYS_SEARCH_USER_PATHS = NO;
				ARCHS = "$(ARCHS_STANDARD)";
				CLANG_CXX_LANGUAGE_STANDARD = "gnu++0x";
				CLANG_CXX_LIBRARY = "libc++";
				CLANG_ENABLE_MODULES = YES;
				CLANG_ENABLE_OBJC_ARC = YES;
				CLANG_WARN_BOOL_CONVERSION = YES;
				CLANG_WARN_CONSTANT_CONVERSION = YES;
				CLANG_WARN_DIRECT_OBJC_ISA_USAGE = YES_ERROR;
				CLANG_WARN_EMPTY_BODY = YES;
				CLANG_WARN_ENUM_CONVERSION = YES;
				CLANG_WARN_INT_CONVERSION = YES;
				CLANG_WARN_OBJC_ROOT_CLASS = YES_ERROR;
				CLANG_WARN__DUPLICATE_METHOD_MATCH = YES;
				"CODE_SIGN_IDENTITY[sdk=iphoneos*]" = "iPhone Developer";
				COPY_PHASE_STRIP = YES;
				ENABLE_NS_ASSERTIONS = NO;
				GCC_C_LANGUAGE_STANDARD = gnu99;
				GCC_WARN_64_TO_32_BIT_CONVERSION = YES;
				GCC_WARN_ABOUT_RETURN_TYPE = YES_ERROR;
				GCC_WARN_UNDECLARED_SELECTOR = YES;
				GCC_WARN_UNINITIALIZED_AUTOS = YES;
				GCC_WARN_UNUSED_FUNCTION = YES;
				GCC_WARN_UNUSED_VARIABLE = YES;
				IPHONEOS_DEPLOYMENT_TARGET = 6.0;
				SDKROOT = iphoneos;
				TARGETED_DEVICE_FAMILY = "1,2";
				VALIDATE_PRODUCT = YES;
			};
			name = Release;
		};
		C123334A18D6D43100894EED /* Debug */ = {
			isa = XCBuildConfiguration;
			buildSettings = {
				ARCHS = "$(ARCHS_STANDARD)";
				ASSETCATALOG_COMPILER_APPICON_NAME = AppIcon;
				ASSETCATALOG_COMPILER_LAUNCHIMAGE_NAME = LaunchImage;
				CLANG_CXX_LANGUAGE_STANDARD = "compiler-default";
				CLANG_CXX_LIBRARY = "compiler-default";
				CLANG_ENABLE_OBJC_ARC = NO;
				CONFIGURATION_BUILD_DIR = "$(BUILD_DIR)/$(CONFIGURATION)$(EFFECTIVE_PLATFORM_NAME)";
				DEAD_CODE_STRIPPING = YES;
				ENABLE_BITCODE = NO;
				FRAMEWORK_SEARCH_PATHS = (
					"$(inherited)",
					../lib,
				);
				GCC_PRECOMPILE_PREFIX_HEADER = YES;
				GCC_PREFIX_HEADER = "ZoomSDKSample/ZoomSDKSample-Prefix.pch";
				INFOPLIST_FILE = "ZoomSDKSample/ZoomSDKSample-Info.plist";
				LD_RUNPATH_SEARCH_PATHS = "$(inherited) @executable_path/Frameworks";
				LIBRARY_SEARCH_PATHS = "$(inherited)";
				OTHER_LDFLAGS = "-ObjC";
				PRODUCT_NAME = "$(TARGET_NAME)";
				USER_HEADER_SEARCH_PATHS = "";
				WRAPPER_EXTENSION = app;
			};
			name = Debug;
		};
		C123334B18D6D43100894EED /* Release */ = {
			isa = XCBuildConfiguration;
			buildSettings = {
				ARCHS = "$(ARCHS_STANDARD)";
				ASSETCATALOG_COMPILER_APPICON_NAME = AppIcon;
				ASSETCATALOG_COMPILER_LAUNCHIMAGE_NAME = LaunchImage;
				CLANG_CXX_LANGUAGE_STANDARD = "compiler-default";
				CLANG_CXX_LIBRARY = "compiler-default";
				CLANG_ENABLE_OBJC_ARC = NO;
				CONFIGURATION_BUILD_DIR = "$(BUILD_DIR)/$(CONFIGURATION)$(EFFECTIVE_PLATFORM_NAME)";
				DEAD_CODE_STRIPPING = YES;
				ENABLE_BITCODE = NO;
				FRAMEWORK_SEARCH_PATHS = (
					"$(inherited)",
					../lib,
				);
				GCC_PRECOMPILE_PREFIX_HEADER = YES;
				GCC_PREFIX_HEADER = "ZoomSDKSample/ZoomSDKSample-Prefix.pch";
				INFOPLIST_FILE = "ZoomSDKSample/ZoomSDKSample-Info.plist";
				LD_RUNPATH_SEARCH_PATHS = "$(inherited) @executable_path/Frameworks";
				LIBRARY_SEARCH_PATHS = "$(inherited)";
				OTHER_LDFLAGS = "-ObjC";
				PRODUCT_NAME = "$(TARGET_NAME)";
				USER_HEADER_SEARCH_PATHS = "";
				WRAPPER_EXTENSION = app;
			};
			name = Release;
		};
/* End XCBuildConfiguration section */

/* Begin XCConfigurationList section */
		C123331818D6D43100894EED /* Build configuration list for PBXProject "ZoomSDKSample" */ = {
			isa = XCConfigurationList;
			buildConfigurations = (
				C123334718D6D43100894EED /* Debug */,
				C123334818D6D43100894EED /* Release */,
			);
			defaultConfigurationIsVisible = 0;
			defaultConfigurationName = Release;
		};
		C123334918D6D43100894EED /* Build configuration list for PBXNativeTarget "ZoomSDKSample" */ = {
			isa = XCConfigurationList;
			buildConfigurations = (
				C123334A18D6D43100894EED /* Debug */,
				C123334B18D6D43100894EED /* Release */,
			);
			defaultConfigurationIsVisible = 0;
			defaultConfigurationName = Release;
		};
/* End XCConfigurationList section */
	};
	rootObject = C123331518D6D43100894EED /* Project object */;
}
